
Microsoft Visual Studio Solution File, Format Version 12.00
# Visual Studio 2012
Project("{FAE04EC0-301F-11D3-BF4B-00C04F79EFBC}") = "uttt.Ejemplo.Persona.WinForm", "uttt.Ejemplo.Persona.WinForm\uttt.Ejemplo.Persona.WinForm.csproj", "{E894EA35-F488-4553-95C9-A63ADE33E2FA}"
EndProject
Global
	GlobalSection(SolutionConfigurationPlatforms) = preSolution
		Debug|Any CPU = Debug|Any CPU
		Release|Any CPU = Release|Any CPU
	EndGlobalSection
	GlobalSection(ProjectConfigurationPlatforms) = postSolution
		{E894EA35-F488-4553-95C9-A63ADE33E2FA}.Debug|Any CPU.ActiveCfg = Debug|Any CPU
		{E894EA35-F488-4553-95C9-A63ADE33E2FA}.Debug|Any CPU.Build.0 = Debug|Any CPU
		{E894EA35-F488-4553-95C9-A63ADE33E2FA}.Release|Any CPU.ActiveCfg = Release|Any CPU
		{E894EA35-F488-4553-95C9-A63ADE33E2FA}.Release|Any CPU.Build.0 = Release|Any CPU
	EndGlobalSection
	GlobalSection(SolutionProperties) = preSolution
		HideSolutionNode = FALSE
	EndGlobalSection
EndGlobal
